
Microsoft Visual Studio Solution File, Format Version 12.00
# Visual Studio Version 17
VisualStudioVersion = 17.14.36327.8
MinimumVisualStudioVersion = 10.0.40219.1
Project("{FAE04EC0-301F-11D3-BF4B-00C04F79EFBC}") = "CustomerApp.Web", "CustomerApp.Web\CustomerApp.Web.csproj", "{0B31A679-AF9C-4198-918D-0FCAE5AF0982}"
EndProject
Project("{FAE04EC0-301F-11D3-BF4B-00C04F79EFBC}") = "CustomerApp.Domain", "CustomerApp.Domain\CustomerApp.Domain.csproj", "{3F97A23F-4DCC-4697-8AFE-ECC4C4C4D94A}"
EndProject
Project("{FAE04EC0-301F-11D3-BF4B-00C04F79EFBC}") = "CustomerApp.Application", "CustomerApp.Application\CustomerApp.Application.csproj", "{9CC4361D-3DF2-4C26-B5E3-F46A09B1255A}"
EndProject
Project("{FAE04EC0-301F-11D3-BF4B-00C04F79EFBC}") = "CustomerApp.Infrastructure", "CustomerApp.Infrastructure\CustomerApp.Infrastructure.csproj", "{7966AED0-73D1-462C-B8DF-E0C7417A5C97}"
EndProject
Global
	GlobalSection(SolutionConfigurationPlatforms) = preSolution
		Debug|Any CPU = Debug|Any CPU
		Release|Any CPU = Release|Any CPU
	EndGlobalSection
	GlobalSection(ProjectConfigurationPlatforms) = postSolution
		{0B31A679-AF9C-4198-918D-0FCAE5AF0982}.Debug|Any CPU.ActiveCfg = Debug|Any CPU
		{0B31A679-AF9C-4198-918D-0FCAE5AF0982}.Debug|Any CPU.Build.0 = Debug|Any CPU
		{0B31A679-AF9C-4198-918D-0FCAE5AF0982}.Release|Any CPU.ActiveCfg = Release|Any CPU
		{0B31A679-AF9C-4198-918D-0FCAE5AF0982}.Release|Any CPU.Build.0 = Release|Any CPU
		{3F97A23F-4DCC-4697-8AFE-ECC4C4C4D94A}.Debug|Any CPU.ActiveCfg = Debug|Any CPU
		{3F97A23F-4DCC-4697-8AFE-ECC4C4C4D94A}.Debug|Any CPU.Build.0 = Debug|Any CPU
		{3F97A23F-4DCC-4697-8AFE-ECC4C4C4D94A}.Release|Any CPU.ActiveCfg = Release|Any CPU
		{3F97A23F-4DCC-4697-8AFE-ECC4C4C4D94A}.Release|Any CPU.Build.0 = Release|Any CPU
		{9CC4361D-3DF2-4C26-B5E3-F46A09B1255A}.Debug|Any CPU.ActiveCfg = Debug|Any CPU
		{9CC4361D-3DF2-4C26-B5E3-F46A09B1255A}.Debug|Any CPU.Build.0 = Debug|Any CPU
		{9CC4361D-3DF2-4C26-B5E3-F46A09B1255A}.Release|Any CPU.ActiveCfg = Release|Any CPU
		{9CC4361D-3DF2-4C26-B5E3-F46A09B1255A}.Release|Any CPU.Build.0 = Release|Any CPU
		{7966AED0-73D1-462C-B8DF-E0C7417A5C97}.Debug|Any CPU.ActiveCfg = Debug|Any CPU
		{7966AED0-73D1-462C-B8DF-E0C7417A5C97}.Debug|Any CPU.Build.0 = Debug|Any CPU
		{7966AED0-73D1-462C-B8DF-E0C7417A5C97}.Release|Any CPU.ActiveCfg = Release|Any CPU
		{7966AED0-73D1-462C-B8DF-E0C7417A5C97}.Release|Any CPU.Build.0 = Release|Any CPU
	EndGlobalSection
	GlobalSection(SolutionProperties) = preSolution
		HideSolutionNode = FALSE
	EndGlobalSection
	GlobalSection(ExtensibilityGlobals) = postSolution
		SolutionGuid = {05B9E6B1-AE2D-4D4E-8D55-5790F49FBF57}
	EndGlobalSection
EndGlobal
